// !$*UTF8*$!
{
	archiveVersion = 1;
	classes = {
	};
	objectVersion = 56;
	objects = {

/* Begin PBXBuildFile section */
		D2CF060D2AA6951600AD2C1A /* AppDelegate.swift in Sources */ = {isa = PBXBuildFile; fileRef = D2CF060C2AA6951600AD2C1A /* AppDelegate.swift */; };
		D2CF060F2AA6951600AD2C1A /* SceneDelegate.swift in Sources */ = {isa = PBXBuildFile; fileRef = D2CF060E2AA6951600AD2C1A /* SceneDelegate.swift */; };
		D2CF06112AA6951600AD2C1A /* MainViewController.swift in Sources */ = {isa = PBXBuildFile; fileRef = D2CF06102AA6951600AD2C1A /* MainViewController.swift */; };
		D2CF06162AA6951700AD2C1A /* Assets.xcassets in Resources */ = {isa = PBXBuildFile; fileRef = D2CF06152AA6951700AD2C1A /* Assets.xcassets */; };
		D2CF06192AA6951700AD2C1A /* LaunchScreen.storyboard in Resources */ = {isa = PBXBuildFile; fileRef = D2CF06172AA6951700AD2C1A /* LaunchScreen.storyboard */; };
		D2CF06242AA6951700AD2C1A /* KiMOVIETests.swift in Sources */ = {isa = PBXBuildFile; fileRef = D2CF06232AA6951700AD2C1A /* KiMOVIETests.swift */; };
		D2CF062E2AA6951700AD2C1A /* KiMOVIEUITests.swift in Sources */ = {isa = PBXBuildFile; fileRef = D2CF062D2AA6951700AD2C1A /* KiMOVIEUITests.swift */; };
		D2CF06302AA6951700AD2C1A /* KiMOVIEUITestsLaunchTests.swift in Sources */ = {isa = PBXBuildFile; fileRef = D2CF062F2AA6951700AD2C1A /* KiMOVIEUITestsLaunchTests.swift */; };
		D2CF063E2AA6A13100AD2C1A /* Alamofire in Frameworks */ = {isa = PBXBuildFile; productRef = D2CF063D2AA6A13100AD2C1A /* Alamofire */; };
		D2CF06412AA6A15600AD2C1A /* ProgressHUD in Frameworks */ = {isa = PBXBuildFile; productRef = D2CF06402AA6A15600AD2C1A /* ProgressHUD */; };
		D2CF06442AA6A16B00AD2C1A /* SnapKit-Dynamic in Frameworks */ = {isa = PBXBuildFile; productRef = D2CF06432AA6A16B00AD2C1A /* SnapKit-Dynamic */; };
		D2CF06542AA6A7C900AD2C1A /* LottieAnimationView.swift in Sources */ = {isa = PBXBuildFile; fileRef = D2CF06532AA6A7C900AD2C1A /* LottieAnimationView.swift */; };
		D2CF06562AA6A84C00AD2C1A /* LaunchScreenLottie.json in Resources */ = {isa = PBXBuildFile; fileRef = D2CF06552AA6A84C00AD2C1A /* LaunchScreenLottie.json */; };
		D2CF06592AA6AAEA00AD2C1A /* Lottie in Frameworks */ = {isa = PBXBuildFile; productRef = D2CF06582AA6AAEA00AD2C1A /* Lottie */; };
		D2CF065C2AA7848700AD2C1A /* MainTabbarController.swift in Sources */ = {isa = PBXBuildFile; fileRef = D2CF065B2AA7848700AD2C1A /* MainTabbarController.swift */; };
		D2CF065E2AA7DCC200AD2C1A /* Constants.swift in Sources */ = {isa = PBXBuildFile; fileRef = D2CF065D2AA7DCC100AD2C1A /* Constants.swift */; };
		D2CF06612AA7E04000AD2C1A /* ImageSizes.swift in Sources */ = {isa = PBXBuildFile; fileRef = D2CF06602AA7E04000AD2C1A /* ImageSizes.swift */; };
		D2CF06632AA7E04800AD2C1A /* EmptyState.swift in Sources */ = {isa = PBXBuildFile; fileRef = D2CF06622AA7E04800AD2C1A /* EmptyState.swift */; };
		D2CF06672AA7E07000AD2C1A /* CustomNavigationController.swift in Sources */ = {isa = PBXBuildFile; fileRef = D2CF06662AA7E07000AD2C1A /* CustomNavigationController.swift */; };
		D2CF066A2AA7F2DD00AD2C1A /* MainBuilder.swift in Sources */ = {isa = PBXBuildFile; fileRef = D2CF06692AA7F2DD00AD2C1A /* MainBuilder.swift */; };
		D2CF066C2AA7F3A100AD2C1A /* MainPresenter.swift in Sources */ = {isa = PBXBuildFile; fileRef = D2CF066B2AA7F3A100AD2C1A /* MainPresenter.swift */; };
		D2CF06752AA7FA5200AD2C1A /* NetworkRouter.swift in Sources */ = {isa = PBXBuildFile; fileRef = D2CF06742AA7FA5200AD2C1A /* NetworkRouter.swift */; };
		D2CF06772AA7FA6400AD2C1A /* NetworkClient.swift in Sources */ = {isa = PBXBuildFile; fileRef = D2CF06762AA7FA6400AD2C1A /* NetworkClient.swift */; };
		D2CF06792AA7FAC600AD2C1A /* NetworkErrorType.swift in Sources */ = {isa = PBXBuildFile; fileRef = D2CF06782AA7FAC600AD2C1A /* NetworkErrorType.swift */; };
		D2CF067B2AA7FAD500AD2C1A /* NetworkParameters.swift in Sources */ = {isa = PBXBuildFile; fileRef = D2CF067A2AA7FAD500AD2C1A /* NetworkParameters.swift */; };
		D2CF067D2AA7FAE100AD2C1A /* NetworkRequestAdapter.swift in Sources */ = {isa = PBXBuildFile; fileRef = D2CF067C2AA7FAE100AD2C1A /* NetworkRequestAdapter.swift */; };
		D2CF067F2AA7FAED00AD2C1A /* NetworkEndpoints.swift in Sources */ = {isa = PBXBuildFile; fileRef = D2CF067E2AA7FAED00AD2C1A /* NetworkEndpoints.swift */; };
		D2CF06812AA7FFFF00AD2C1A /* NetworkClientProtocol.swift in Sources */ = {isa = PBXBuildFile; fileRef = D2CF06802AA7FFFF00AD2C1A /* NetworkClientProtocol.swift */; };
		D2CF06842AA807AE00AD2C1A /* MovieReviewsResponseModel.swift in Sources */ = {isa = PBXBuildFile; fileRef = D2CF06832AA807AE00AD2C1A /* MovieReviewsResponseModel.swift */; };
		D2CF06872AA807C800AD2C1A /* MovieCreditsResponseModel.swift in Sources */ = {isa = PBXBuildFile; fileRef = D2CF06862AA807C800AD2C1A /* MovieCreditsResponseModel.swift */; };
		D2CF068A2AA8085E00AD2C1A /* MovieListResponseModel.swift in Sources */ = {isa = PBXBuildFile; fileRef = D2CF06892AA8085E00AD2C1A /* MovieListResponseModel.swift */; };
		D2CF068C2AA8086D00AD2C1A /* MovieDetailResponseModel.swift in Sources */ = {isa = PBXBuildFile; fileRef = D2CF068B2AA8086D00AD2C1A /* MovieDetailResponseModel.swift */; };
		D2CF068E2AA8087F00AD2C1A /* MoviesWithinDateRangeResponseModel.swift in Sources */ = {isa = PBXBuildFile; fileRef = D2CF068D2AA8087F00AD2C1A /* MoviesWithinDateRangeResponseModel.swift */; };
		D2CF06902AA8088C00AD2C1A /* MovieResultResponseModel.swift in Sources */ = {isa = PBXBuildFile; fileRef = D2CF068F2AA8088C00AD2C1A /* MovieResultResponseModel.swift */; };
		D2CF06922AA808B900AD2C1A /* MovieService.swift in Sources */ = {isa = PBXBuildFile; fileRef = D2CF06912AA808B900AD2C1A /* MovieService.swift */; };
		D2CF06942AA8DDC200AD2C1A /* CastingService.swift in Sources */ = {isa = PBXBuildFile; fileRef = D2CF06932AA8DDC200AD2C1A /* CastingService.swift */; };
		D2CF06962AA8E6AD00AD2C1A /* MainRouter.swift in Sources */ = {isa = PBXBuildFile; fileRef = D2CF06952AA8E6AD00AD2C1A /* MainRouter.swift */; };
		D2CF06982AA8E6D400AD2C1A /* MainInteractor.swift in Sources */ = {isa = PBXBuildFile; fileRef = D2CF06972AA8E6D400AD2C1A /* MainInteractor.swift */; };
		D2CF069A2AA8E70300AD2C1A /* MainViewModel.swift in Sources */ = {isa = PBXBuildFile; fileRef = D2CF06992AA8E70300AD2C1A /* MainViewModel.swift */; };
		D2CF069C2AA8E70B00AD2C1A /* MainEnums.swift in Sources */ = {isa = PBXBuildFile; fileRef = D2CF069B2AA8E70B00AD2C1A /* MainEnums.swift */; };
		D2CF06A02AA8F1D600AD2C1A /* TableViewCellProtocols.swift in Sources */ = {isa = PBXBuildFile; fileRef = D2CF069F2AA8F1D600AD2C1A /* TableViewCellProtocols.swift */; };
		D2CF06A22AA9C45D00AD2C1A /* BaseViewController.swift in Sources */ = {isa = PBXBuildFile; fileRef = D2CF06A12AA9C45D00AD2C1A /* BaseViewController.swift */; };
		D2CF06A52AA9D95000AD2C1A /* MovieDetailInteractor.swift in Sources */ = {isa = PBXBuildFile; fileRef = D2CF06A42AA9D95000AD2C1A /* MovieDetailInteractor.swift */; };
		D2CF06A82AAA5DB700AD2C1A /* EmptyStateCellModel.swift in Sources */ = {isa = PBXBuildFile; fileRef = D2CF06A72AAA5DB700AD2C1A /* EmptyStateCellModel.swift */; };
		D2CF06AA2AAA5E6B00AD2C1A /* EmptyStateDrawer.swift in Sources */ = {isa = PBXBuildFile; fileRef = D2CF06A92AAA5E6B00AD2C1A /* EmptyStateDrawer.swift */; };
		D2CF06AC2AAA5EC600AD2C1A /* EmptyStateCell.swift in Sources */ = {isa = PBXBuildFile; fileRef = D2CF06AB2AAA5EC600AD2C1A /* EmptyStateCell.swift */; };
		D2CF06AF2AAA619800AD2C1A /* MovieCategoryTapProtocol.swift in Sources */ = {isa = PBXBuildFile; fileRef = D2CF06AE2AAA619800AD2C1A /* MovieCategoryTapProtocol.swift */; };
		D2CF06B32AAA69FB00AD2C1A /* CollectionViewCellProtocols.swift in Sources */ = {isa = PBXBuildFile; fileRef = D2CF06B22AAA69FB00AD2C1A /* CollectionViewCellProtocols.swift */; };
		D2CF06B62AAA6B0100AD2C1A /* MovieCollectionViewCellModel.swift in Sources */ = {isa = PBXBuildFile; fileRef = D2CF06B52AAA6B0100AD2C1A /* MovieCollectionViewCellModel.swift */; };
		D2CF06B82AAA6C9000AD2C1A /* MovieCollectionViewDrawer.swift in Sources */ = {isa = PBXBuildFile; fileRef = D2CF06B72AAA6C9000AD2C1A /* MovieCollectionViewDrawer.swift */; };
		D2CF06BA2AAA6CE900AD2C1A /* MovieCollectionViewCell.swift in Sources */ = {isa = PBXBuildFile; fileRef = D2CF06B92AAA6CE900AD2C1A /* MovieCollectionViewCell.swift */; };
		D2CF06BD2AB1CA6800AD2C1A /* CustomImageView.swift in Sources */ = {isa = PBXBuildFile; fileRef = D2CF06BC2AB1CA6800AD2C1A /* CustomImageView.swift */; };
		D2CF06E12AC0803B00AD2C1A /* MovieCategoryCellModel.swift in Sources */ = {isa = PBXBuildFile; fileRef = D2CF06E02AC0803B00AD2C1A /* MovieCategoryCellModel.swift */; };
		D2CF06E32AC0808200AD2C1A /* MovieCategoryDrawer.swift in Sources */ = {isa = PBXBuildFile; fileRef = D2CF06E22AC0808200AD2C1A /* MovieCategoryDrawer.swift */; };
		D2CF06E52AC080C200AD2C1A /* MovieCategoryCell.swift in Sources */ = {isa = PBXBuildFile; fileRef = D2CF06E42AC080C200AD2C1A /* MovieCategoryCell.swift */; };
		D2CF06E72AC2FB2800AD2C1A /* MovieDetailEnums.swift in Sources */ = {isa = PBXBuildFile; fileRef = D2CF06E62AC2FB2800AD2C1A /* MovieDetailEnums.swift */; };
		D2CF06E92AC2FBDA00AD2C1A /* MovieDetailRouter.swift in Sources */ = {isa = PBXBuildFile; fileRef = D2CF06E82AC2FBDA00AD2C1A /* MovieDetailRouter.swift */; };
		D2CF06EB2AC3022C00AD2C1A /* MovieDetailViewModel.swift in Sources */ = {isa = PBXBuildFile; fileRef = D2CF06EA2AC3022C00AD2C1A /* MovieDetailViewModel.swift */; };
		D2CF06ED2AC302C000AD2C1A /* MovieDetailPresenter.swift in Sources */ = {isa = PBXBuildFile; fileRef = D2CF06EC2AC302C000AD2C1A /* MovieDetailPresenter.swift */; };
		D2CF06F02AC303DA00AD2C1A /* MovieDetailInfoCell.swift in Sources */ = {isa = PBXBuildFile; fileRef = D2CF06EF2AC303DA00AD2C1A /* MovieDetailInfoCell.swift */; };
		D2CF06F22AC3048B00AD2C1A /* MovieDetailInfoCellModel.swift in Sources */ = {isa = PBXBuildFile; fileRef = D2CF06F12AC3048B00AD2C1A /* MovieDetailInfoCellModel.swift */; };
		D2CF06F42AC304DB00AD2C1A /* MovieDetailInfoDrawer.swift in Sources */ = {isa = PBXBuildFile; fileRef = D2CF06F32AC304DB00AD2C1A /* MovieDetailInfoDrawer.swift */; };
		D2CF06F72AC306CF00AD2C1A /* CrewMemberCell.swift in Sources */ = {isa = PBXBuildFile; fileRef = D2CF06F62AC306CF00AD2C1A /* CrewMemberCell.swift */; };
		D2CF06F92AC306F900AD2C1A /* CrewMemberCellModel.swift in Sources */ = {isa = PBXBuildFile; fileRef = D2CF06F82AC306F900AD2C1A /* CrewMemberCellModel.swift */; };
		D2CF06FB2AC3186E00AD2C1A /* CrewMemberDrawer.swift in Sources */ = {isa = PBXBuildFile; fileRef = D2CF06FA2AC3186E00AD2C1A /* CrewMemberDrawer.swift */; };
		D2CF07002AC318EA00AD2C1A /* ReviewCell.swift in Sources */ = {isa = PBXBuildFile; fileRef = D2CF06FF2AC318EA00AD2C1A /* ReviewCell.swift */; };
		D2CF07022AC3194C00AD2C1A /* ReviewCellModel.swift in Sources */ = {isa = PBXBuildFile; fileRef = D2CF07012AC3194C00AD2C1A /* ReviewCellModel.swift */; };
		D2CF07042AC3196400AD2C1A /* ReviewDrawer.swift in Sources */ = {isa = PBXBuildFile; fileRef = D2CF07032AC3196400AD2C1A /* ReviewDrawer.swift */; };
		D2CF07062AC319D500AD2C1A /* MovieDetailViewController.swift in Sources */ = {isa = PBXBuildFile; fileRef = D2CF07052AC319D500AD2C1A /* MovieDetailViewController.swift */; };
		D2CF070A2AC31E5A00AD2C1A /* MovieDetailBuilder.swift in Sources */ = {isa = PBXBuildFile; fileRef = D2CF07092AC31E5A00AD2C1A /* MovieDetailBuilder.swift */; };
/* End PBXBuildFile section */

/* Begin PBXContainerItemProxy section */
		D2CF06202AA6951700AD2C1A /* PBXContainerItemProxy */ = {
			isa = PBXContainerItemProxy;
			containerPortal = D2CF06012AA6951600AD2C1A /* Project object */;
			proxyType = 1;
			remoteGlobalIDString = D2CF06082AA6951600AD2C1A;
			remoteInfo = KiMOVIE;
		};
		D2CF062A2AA6951700AD2C1A /* PBXContainerItemProxy */ = {
			isa = PBXContainerItemProxy;
			containerPortal = D2CF06012AA6951600AD2C1A /* Project object */;
			proxyType = 1;
			remoteGlobalIDString = D2CF06082AA6951600AD2C1A;
			remoteInfo = KiMOVIE;
		};
/* End PBXContainerItemProxy section */

/* Begin PBXFileReference section */
		D2CF06092AA6951600AD2C1A /* KiMOVIE.app */ = {isa = PBXFileReference; explicitFileType = wrapper.application; includeInIndex = 0; path = KiMOVIE.app; sourceTree = BUILT_PRODUCTS_DIR; };
		D2CF060C2AA6951600AD2C1A /* AppDelegate.swift */ = {isa = PBXFileReference; lastKnownFileType = sourcecode.swift; path = AppDelegate.swift; sourceTree = "<group>"; };
		D2CF060E2AA6951600AD2C1A /* SceneDelegate.swift */ = {isa = PBXFileReference; lastKnownFileType = sourcecode.swift; path = SceneDelegate.swift; sourceTree = "<group>"; };
		D2CF06102AA6951600AD2C1A /* MainViewController.swift */ = {isa = PBXFileReference; lastKnownFileType = sourcecode.swift; path = MainViewController.swift; sourceTree = "<group>"; };
		D2CF06152AA6951700AD2C1A /* Assets.xcassets */ = {isa = PBXFileReference; lastKnownFileType = folder.assetcatalog; path = Assets.xcassets; sourceTree = "<group>"; };
		D2CF06182AA6951700AD2C1A /* Base */ = {isa = PBXFileReference; lastKnownFileType = file.storyboard; name = Base; path = Base.lproj/LaunchScreen.storyboard; sourceTree = "<group>"; };
		D2CF061A2AA6951700AD2C1A /* Info.plist */ = {isa = PBXFileReference; lastKnownFileType = text.plist.xml; path = Info.plist; sourceTree = "<group>"; };
		D2CF061F2AA6951700AD2C1A /* KiMOVIETests.xctest */ = {isa = PBXFileReference; explicitFileType = wrapper.cfbundle; includeInIndex = 0; path = KiMOVIETests.xctest; sourceTree = BUILT_PRODUCTS_DIR; };
		D2CF06232AA6951700AD2C1A /* KiMOVIETests.swift */ = {isa = PBXFileReference; lastKnownFileType = sourcecode.swift; path = KiMOVIETests.swift; sourceTree = "<group>"; };
		D2CF06292AA6951700AD2C1A /* KiMOVIEUITests.xctest */ = {isa = PBXFileReference; explicitFileType = wrapper.cfbundle; includeInIndex = 0; path = KiMOVIEUITests.xctest; sourceTree = BUILT_PRODUCTS_DIR; };
		D2CF062D2AA6951700AD2C1A /* KiMOVIEUITests.swift */ = {isa = PBXFileReference; lastKnownFileType = sourcecode.swift; path = KiMOVIEUITests.swift; sourceTree = "<group>"; };
		D2CF062F2AA6951700AD2C1A /* KiMOVIEUITestsLaunchTests.swift */ = {isa = PBXFileReference; lastKnownFileType = sourcecode.swift; path = KiMOVIEUITestsLaunchTests.swift; sourceTree = "<group>"; };
		D2CF06532AA6A7C900AD2C1A /* LottieAnimationView.swift */ = {isa = PBXFileReference; lastKnownFileType = sourcecode.swift; path = LottieAnimationView.swift; sourceTree = "<group>"; };
		D2CF06552AA6A84C00AD2C1A /* LaunchScreenLottie.json */ = {isa = PBXFileReference; fileEncoding = 4; lastKnownFileType = text.json; path = LaunchScreenLottie.json; sourceTree = "<group>"; };
		D2CF065B2AA7848700AD2C1A /* MainTabbarController.swift */ = {isa = PBXFileReference; lastKnownFileType = sourcecode.swift; path = MainTabbarController.swift; sourceTree = "<group>"; };
		D2CF065D2AA7DCC100AD2C1A /* Constants.swift */ = {isa = PBXFileReference; lastKnownFileType = sourcecode.swift; path = Constants.swift; sourceTree = "<group>"; };
		D2CF06602AA7E04000AD2C1A /* ImageSizes.swift */ = {isa = PBXFileReference; lastKnownFileType = sourcecode.swift; path = ImageSizes.swift; sourceTree = "<group>"; };
		D2CF06622AA7E04800AD2C1A /* EmptyState.swift */ = {isa = PBXFileReference; lastKnownFileType = sourcecode.swift; path = EmptyState.swift; sourceTree = "<group>"; };
		D2CF06662AA7E07000AD2C1A /* CustomNavigationController.swift */ = {isa = PBXFileReference; lastKnownFileType = sourcecode.swift; path = CustomNavigationController.swift; sourceTree = "<group>"; };
		D2CF06692AA7F2DD00AD2C1A /* MainBuilder.swift */ = {isa = PBXFileReference; lastKnownFileType = sourcecode.swift; path = MainBuilder.swift; sourceTree = "<group>"; };
		D2CF066B2AA7F3A100AD2C1A /* MainPresenter.swift */ = {isa = PBXFileReference; lastKnownFileType = sourcecode.swift; path = MainPresenter.swift; sourceTree = "<group>"; };
		D2CF06742AA7FA5200AD2C1A /* NetworkRouter.swift */ = {isa = PBXFileReference; lastKnownFileType = sourcecode.swift; path = NetworkRouter.swift; sourceTree = "<group>"; };
		D2CF06762AA7FA6400AD2C1A /* NetworkClient.swift */ = {isa = PBXFileReference; lastKnownFileType = sourcecode.swift; path = NetworkClient.swift; sourceTree = "<group>"; };
		D2CF06782AA7FAC600AD2C1A /* NetworkErrorType.swift */ = {isa = PBXFileReference; lastKnownFileType = sourcecode.swift; path = NetworkErrorType.swift; sourceTree = "<group>"; };
		D2CF067A2AA7FAD500AD2C1A /* NetworkParameters.swift */ = {isa = PBXFileReference; lastKnownFileType = sourcecode.swift; path = NetworkParameters.swift; sourceTree = "<group>"; };
		D2CF067C2AA7FAE100AD2C1A /* NetworkRequestAdapter.swift */ = {isa = PBXFileReference; lastKnownFileType = sourcecode.swift; path = NetworkRequestAdapter.swift; sourceTree = "<group>"; };
		D2CF067E2AA7FAED00AD2C1A /* NetworkEndpoints.swift */ = {isa = PBXFileReference; lastKnownFileType = sourcecode.swift; path = NetworkEndpoints.swift; sourceTree = "<group>"; };
		D2CF06802AA7FFFF00AD2C1A /* NetworkClientProtocol.swift */ = {isa = PBXFileReference; lastKnownFileType = sourcecode.swift; path = NetworkClientProtocol.swift; sourceTree = "<group>"; };
		D2CF06832AA807AE00AD2C1A /* MovieReviewsResponseModel.swift */ = {isa = PBXFileReference; lastKnownFileType = sourcecode.swift; path = MovieReviewsResponseModel.swift; sourceTree = "<group>"; };
		D2CF06862AA807C800AD2C1A /* MovieCreditsResponseModel.swift */ = {isa = PBXFileReference; lastKnownFileType = sourcecode.swift; path = MovieCreditsResponseModel.swift; sourceTree = "<group>"; };
		D2CF06892AA8085E00AD2C1A /* MovieListResponseModel.swift */ = {isa = PBXFileReference; lastKnownFileType = sourcecode.swift; path = MovieListResponseModel.swift; sourceTree = "<group>"; };
		D2CF068B2AA8086D00AD2C1A /* MovieDetailResponseModel.swift */ = {isa = PBXFileReference; lastKnownFileType = sourcecode.swift; path = MovieDetailResponseModel.swift; sourceTree = "<group>"; };
		D2CF068D2AA8087F00AD2C1A /* MoviesWithinDateRangeResponseModel.swift */ = {isa = PBXFileReference; lastKnownFileType = sourcecode.swift; path = MoviesWithinDateRangeResponseModel.swift; sourceTree = "<group>"; };
		D2CF068F2AA8088C00AD2C1A /* MovieResultResponseModel.swift */ = {isa = PBXFileReference; lastKnownFileType = sourcecode.swift; path = MovieResultResponseModel.swift; sourceTree = "<group>"; };
		D2CF06912AA808B900AD2C1A /* MovieService.swift */ = {isa = PBXFileReference; lastKnownFileType = sourcecode.swift; path = MovieService.swift; sourceTree = "<group>"; };
		D2CF06932AA8DDC200AD2C1A /* CastingService.swift */ = {isa = PBXFileReference; lastKnownFileType = sourcecode.swift; path = CastingService.swift; sourceTree = "<group>"; };
		D2CF06952AA8E6AD00AD2C1A /* MainRouter.swift */ = {isa = PBXFileReference; lastKnownFileType = sourcecode.swift; path = MainRouter.swift; sourceTree = "<group>"; };
		D2CF06972AA8E6D400AD2C1A /* MainInteractor.swift */ = {isa = PBXFileReference; lastKnownFileType = sourcecode.swift; path = MainInteractor.swift; sourceTree = "<group>"; };
		D2CF06992AA8E70300AD2C1A /* MainViewModel.swift */ = {isa = PBXFileReference; lastKnownFileType = sourcecode.swift; path = MainViewModel.swift; sourceTree = "<group>"; };
		D2CF069B2AA8E70B00AD2C1A /* MainEnums.swift */ = {isa = PBXFileReference; lastKnownFileType = sourcecode.swift; path = MainEnums.swift; sourceTree = "<group>"; };
		D2CF069F2AA8F1D600AD2C1A /* TableViewCellProtocols.swift */ = {isa = PBXFileReference; lastKnownFileType = sourcecode.swift; path = TableViewCellProtocols.swift; sourceTree = "<group>"; };
		D2CF06A12AA9C45D00AD2C1A /* BaseViewController.swift */ = {isa = PBXFileReference; lastKnownFileType = sourcecode.swift; path = BaseViewController.swift; sourceTree = "<group>"; };
		D2CF06A42AA9D95000AD2C1A /* MovieDetailInteractor.swift */ = {isa = PBXFileReference; lastKnownFileType = sourcecode.swift; path = MovieDetailInteractor.swift; sourceTree = "<group>"; };
		D2CF06A72AAA5DB700AD2C1A /* EmptyStateCellModel.swift */ = {isa = PBXFileReference; lastKnownFileType = sourcecode.swift; path = EmptyStateCellModel.swift; sourceTree = "<group>"; };
		D2CF06A92AAA5E6B00AD2C1A /* EmptyStateDrawer.swift */ = {isa = PBXFileReference; lastKnownFileType = sourcecode.swift; path = EmptyStateDrawer.swift; sourceTree = "<group>"; };
		D2CF06AB2AAA5EC600AD2C1A /* EmptyStateCell.swift */ = {isa = PBXFileReference; lastKnownFileType = sourcecode.swift; path = EmptyStateCell.swift; sourceTree = "<group>"; };
		D2CF06AE2AAA619800AD2C1A /* MovieCategoryTapProtocol.swift */ = {isa = PBXFileReference; lastKnownFileType = sourcecode.swift; path = MovieCategoryTapProtocol.swift; sourceTree = "<group>"; };
		D2CF06B22AAA69FB00AD2C1A /* CollectionViewCellProtocols.swift */ = {isa = PBXFileReference; lastKnownFileType = sourcecode.swift; path = CollectionViewCellProtocols.swift; sourceTree = "<group>"; };
		D2CF06B52AAA6B0100AD2C1A /* MovieCollectionViewCellModel.swift */ = {isa = PBXFileReference; lastKnownFileType = sourcecode.swift; path = MovieCollectionViewCellModel.swift; sourceTree = "<group>"; };
		D2CF06B72AAA6C9000AD2C1A /* MovieCollectionViewDrawer.swift */ = {isa = PBXFileReference; lastKnownFileType = sourcecode.swift; path = MovieCollectionViewDrawer.swift; sourceTree = "<group>"; };
		D2CF06B92AAA6CE900AD2C1A /* MovieCollectionViewCell.swift */ = {isa = PBXFileReference; lastKnownFileType = sourcecode.swift; path = MovieCollectionViewCell.swift; sourceTree = "<group>"; };
		D2CF06BC2AB1CA6800AD2C1A /* CustomImageView.swift */ = {isa = PBXFileReference; lastKnownFileType = sourcecode.swift; path = CustomImageView.swift; sourceTree = "<group>"; };
		D2CF06E02AC0803B00AD2C1A /* MovieCategoryCellModel.swift */ = {isa = PBXFileReference; lastKnownFileType = sourcecode.swift; path = MovieCategoryCellModel.swift; sourceTree = "<group>"; };
		D2CF06E22AC0808200AD2C1A /* MovieCategoryDrawer.swift */ = {isa = PBXFileReference; lastKnownFileType = sourcecode.swift; path = MovieCategoryDrawer.swift; sourceTree = "<group>"; };
		D2CF06E42AC080C200AD2C1A /* MovieCategoryCell.swift */ = {isa = PBXFileReference; lastKnownFileType = sourcecode.swift; path = MovieCategoryCell.swift; sourceTree = "<group>"; };
		D2CF06E62AC2FB2800AD2C1A /* MovieDetailEnums.swift */ = {isa = PBXFileReference; lastKnownFileType = sourcecode.swift; path = MovieDetailEnums.swift; sourceTree = "<group>"; };
		D2CF06E82AC2FBDA00AD2C1A /* MovieDetailRouter.swift */ = {isa = PBXFileReference; lastKnownFileType = sourcecode.swift; path = MovieDetailRouter.swift; sourceTree = "<group>"; };
		D2CF06EA2AC3022C00AD2C1A /* MovieDetailViewModel.swift */ = {isa = PBXFileReference; lastKnownFileType = sourcecode.swift; path = MovieDetailViewModel.swift; sourceTree = "<group>"; };
		D2CF06EC2AC302C000AD2C1A /* MovieDetailPresenter.swift */ = {isa = PBXFileReference; lastKnownFileType = sourcecode.swift; path = MovieDetailPresenter.swift; sourceTree = "<group>"; };
		D2CF06EF2AC303DA00AD2C1A /* MovieDetailInfoCell.swift */ = {isa = PBXFileReference; lastKnownFileType = sourcecode.swift; path = MovieDetailInfoCell.swift; sourceTree = "<group>"; };
		D2CF06F12AC3048B00AD2C1A /* MovieDetailInfoCellModel.swift */ = {isa = PBXFileReference; lastKnownFileType = sourcecode.swift; path = MovieDetailInfoCellModel.swift; sourceTree = "<group>"; };
		D2CF06F32AC304DB00AD2C1A /* MovieDetailInfoDrawer.swift */ = {isa = PBXFileReference; lastKnownFileType = sourcecode.swift; path = MovieDetailInfoDrawer.swift; sourceTree = "<group>"; };
		D2CF06F62AC306CF00AD2C1A /* CrewMemberCell.swift */ = {isa = PBXFileReference; lastKnownFileType = sourcecode.swift; path = CrewMemberCell.swift; sourceTree = "<group>"; };
		D2CF06F82AC306F900AD2C1A /* CrewMemberCellModel.swift */ = {isa = PBXFileReference; lastKnownFileType = sourcecode.swift; path = CrewMemberCellModel.swift; sourceTree = "<group>"; };
		D2CF06FA2AC3186E00AD2C1A /* CrewMemberDrawer.swift */ = {isa = PBXFileReference; lastKnownFileType = sourcecode.swift; path = CrewMemberDrawer.swift; sourceTree = "<group>"; };
		D2CF06FF2AC318EA00AD2C1A /* ReviewCell.swift */ = {isa = PBXFileReference; lastKnownFileType = sourcecode.swift; path = ReviewCell.swift; sourceTree = "<group>"; };
		D2CF07012AC3194C00AD2C1A /* ReviewCellModel.swift */ = {isa = PBXFileReference; lastKnownFileType = sourcecode.swift; path = ReviewCellModel.swift; sourceTree = "<group>"; };
		D2CF07032AC3196400AD2C1A /* ReviewDrawer.swift */ = {isa = PBXFileReference; lastKnownFileType = sourcecode.swift; path = ReviewDrawer.swift; sourceTree = "<group>"; };
		D2CF07052AC319D500AD2C1A /* MovieDetailViewController.swift */ = {isa = PBXFileReference; lastKnownFileType = sourcecode.swift; path = MovieDetailViewController.swift; sourceTree = "<group>"; };
		D2CF07092AC31E5A00AD2C1A /* MovieDetailBuilder.swift */ = {isa = PBXFileReference; lastKnownFileType = sourcecode.swift; path = MovieDetailBuilder.swift; sourceTree = "<group>"; };
/* End PBXFileReference section */

/* Begin PBXFrameworksBuildPhase section */
		D2CF06062AA6951600AD2C1A /* Frameworks */ = {
			isa = PBXFrameworksBuildPhase;
			buildActionMask = 2147483647;
			files = (
				D2CF063E2AA6A13100AD2C1A /* Alamofire in Frameworks */,
				D2CF06412AA6A15600AD2C1A /* ProgressHUD in Frameworks */,
				D2CF06442AA6A16B00AD2C1A /* SnapKit-Dynamic in Frameworks */,
				D2CF06592AA6AAEA00AD2C1A /* Lottie in Frameworks */,
			);
			runOnlyForDeploymentPostprocessing = 0;
		};
		D2CF061C2AA6951700AD2C1A /* Frameworks */ = {
			isa = PBXFrameworksBuildPhase;
			buildActionMask = 2147483647;
			files = (
			);
			runOnlyForDeploymentPostprocessing = 0;
		};
		D2CF06262AA6951700AD2C1A /* Frameworks */ = {
			isa = PBXFrameworksBuildPhase;
			buildActionMask = 2147483647;
			files = (
			);
			runOnlyForDeploymentPostprocessing = 0;
		};
/* End PBXFrameworksBuildPhase section */

/* Begin PBXGroup section */
		D2CF06002AA6951600AD2C1A = {
			isa = PBXGroup;
			children = (
				D2CF060B2AA6951600AD2C1A /* KiMOVIE */,
				D2CF06222AA6951700AD2C1A /* KiMOVIETests */,
				D2CF062C2AA6951700AD2C1A /* KiMOVIEUITests */,
				D2CF060A2AA6951600AD2C1A /* Products */,
			);
			sourceTree = "<group>";
		};
		D2CF060A2AA6951600AD2C1A /* Products */ = {
			isa = PBXGroup;
			children = (
				D2CF06092AA6951600AD2C1A /* KiMOVIE.app */,
				D2CF061F2AA6951700AD2C1A /* KiMOVIETests.xctest */,
				D2CF06292AA6951700AD2C1A /* KiMOVIEUITests.xctest */,
			);
			name = Products;
			sourceTree = "<group>";
		};
		D2CF060B2AA6951600AD2C1A /* KiMOVIE */ = {
			isa = PBXGroup;
			children = (
				D2CF061A2AA6951700AD2C1A /* Info.plist */,
				D2CF064B2AA6A45300AD2C1A /* App */,
				D2CF064C2AA6A46600AD2C1A /* Modules */,
				D2CF064D2AA6A47D00AD2C1A /* Components */,
				D2CF064E2AA6A48600AD2C1A /* Workers */,
				D2CF064F2AA6A49800AD2C1A /* Extensions */,
				D2CF06502AA6A4A300AD2C1A /* Constants */,
				D2CF06512AA6A4AD00AD2C1A /* Resources */,
			);
			path = KiMOVIE;
			sourceTree = "<group>";
		};
		D2CF06222AA6951700AD2C1A /* KiMOVIETests */ = {
			isa = PBXGroup;
			children = (
				D2CF06232AA6951700AD2C1A /* KiMOVIETests.swift */,
			);
			path = KiMOVIETests;
			sourceTree = "<group>";
		};
		D2CF062C2AA6951700AD2C1A /* KiMOVIEUITests */ = {
			isa = PBXGroup;
			children = (
				D2CF062D2AA6951700AD2C1A /* KiMOVIEUITests.swift */,
				D2CF062F2AA6951700AD2C1A /* KiMOVIEUITestsLaunchTests.swift */,
			);
			path = KiMOVIEUITests;
			sourceTree = "<group>";
		};
		D2CF064B2AA6A45300AD2C1A /* App */ = {
			isa = PBXGroup;
			children = (
				D2CF060C2AA6951600AD2C1A /* AppDelegate.swift */,
				D2CF060E2AA6951600AD2C1A /* SceneDelegate.swift */,
			);
			path = App;
			sourceTree = "<group>";
		};
		D2CF064C2AA6A46600AD2C1A /* Modules */ = {
			isa = PBXGroup;
			children = (
				D2CF06682AA7F2B800AD2C1A /* Main */,
				D2CF06A32AA9D94000AD2C1A /* MovieDetail */,
				D2CF06522AA6A69000AD2C1A /* LaunchScreen */,
				D2CF065A2AA7847400AD2C1A /* TabbarViewController */,
			);
			path = Modules;
			sourceTree = "<group>";
		};
		D2CF064D2AA6A47D00AD2C1A /* Components */ = {
			isa = PBXGroup;
			children = (
				D2CF065F2AA7E03100AD2C1A /* Utils */,
				D2CF06642AA7E05A00AD2C1A /* UI */,
			);
			path = Components;
			sourceTree = "<group>";
		};
		D2CF064E2AA6A48600AD2C1A /* Workers */ = {
			isa = PBXGroup;
			children = (
				D2CF066D2AA7F42900AD2C1A /* Networking */,
			);
			path = Workers;
			sourceTree = "<group>";
		};
		D2CF064F2AA6A49800AD2C1A /* Extensions */ = {
			isa = PBXGroup;
			children = (
			);
			path = Extensions;
			sourceTree = "<group>";
		};
		D2CF06502AA6A4A300AD2C1A /* Constants */ = {
			isa = PBXGroup;
			children = (
				D2CF065D2AA7DCC100AD2C1A /* Constants.swift */,
			);
			path = Constants;
			sourceTree = "<group>";
		};
		D2CF06512AA6A4AD00AD2C1A /* Resources */ = {
			isa = PBXGroup;
			children = (
				D2CF06552AA6A84C00AD2C1A /* LaunchScreenLottie.json */,
				D2CF06152AA6951700AD2C1A /* Assets.xcassets */,
			);
			path = Resources;
			sourceTree = "<group>";
		};
		D2CF06522AA6A69000AD2C1A /* LaunchScreen */ = {
			isa = PBXGroup;
			children = (
				D2CF06172AA6951700AD2C1A /* LaunchScreen.storyboard */,
				D2CF06532AA6A7C900AD2C1A /* LottieAnimationView.swift */,
			);
			path = LaunchScreen;
			sourceTree = "<group>";
		};
		D2CF065A2AA7847400AD2C1A /* TabbarViewController */ = {
			isa = PBXGroup;
			children = (
				D2CF065B2AA7848700AD2C1A /* MainTabbarController.swift */,
			);
			path = TabbarViewController;
			sourceTree = "<group>";
		};
		D2CF065F2AA7E03100AD2C1A /* Utils */ = {
			isa = PBXGroup;
			children = (
				D2CF06602AA7E04000AD2C1A /* ImageSizes.swift */,
				D2CF06622AA7E04800AD2C1A /* EmptyState.swift */,
			);
			path = Utils;
			sourceTree = "<group>";
		};
		D2CF06642AA7E05A00AD2C1A /* UI */ = {
			isa = PBXGroup;
			children = (
				D2CF06B02AAA69E300AD2C1A /* CollectionViewCell */,
				D2CF069D2AA8F1C000AD2C1A /* TableViewCell */,
				D2CF06652AA7E06800AD2C1A /* NavigationBar */,
				D2CF06A12AA9C45D00AD2C1A /* BaseViewController.swift */,
				D2CF06BC2AB1CA6800AD2C1A /* CustomImageView.swift */,
			);
			path = UI;
			sourceTree = "<group>";
		};
		D2CF06652AA7E06800AD2C1A /* NavigationBar */ = {
			isa = PBXGroup;
			children = (
				D2CF06662AA7E07000AD2C1A /* CustomNavigationController.swift */,
			);
			path = NavigationBar;
			sourceTree = "<group>";
		};
		D2CF06682AA7F2B800AD2C1A /* Main */ = {
			isa = PBXGroup;
			children = (
				D2CF06692AA7F2DD00AD2C1A /* MainBuilder.swift */,
				D2CF066B2AA7F3A100AD2C1A /* MainPresenter.swift */,
				D2CF06952AA8E6AD00AD2C1A /* MainRouter.swift */,
				D2CF06102AA6951600AD2C1A /* MainViewController.swift */,
				D2CF06972AA8E6D400AD2C1A /* MainInteractor.swift */,
				D2CF06992AA8E70300AD2C1A /* MainViewModel.swift */,
				D2CF069B2AA8E70B00AD2C1A /* MainEnums.swift */,
			);
			path = Main;
			sourceTree = "<group>";
		};
		D2CF066D2AA7F42900AD2C1A /* Networking */ = {
			isa = PBXGroup;
			children = (
				D2CF06732AA7F7B200AD2C1A /* Protocols */,
				D2CF066F2AA7F6CF00AD2C1A /* ResponseModels */,
				D2CF066E2AA7F6C100AD2C1A /* Services */,
				D2CF06742AA7FA5200AD2C1A /* NetworkRouter.swift */,
				D2CF06762AA7FA6400AD2C1A /* NetworkClient.swift */,
				D2CF06782AA7FAC600AD2C1A /* NetworkErrorType.swift */,
				D2CF067A2AA7FAD500AD2C1A /* NetworkParameters.swift */,
				D2CF067C2AA7FAE100AD2C1A /* NetworkRequestAdapter.swift */,
				D2CF067E2AA7FAED00AD2C1A /* NetworkEndpoints.swift */,
			);
			path = Networking;
			sourceTree = "<group>";
		};
		D2CF066E2AA7F6C100AD2C1A /* Services */ = {
			isa = PBXGroup;
			children = (
				D2CF06912AA808B900AD2C1A /* MovieService.swift */,
				D2CF06932AA8DDC200AD2C1A /* CastingService.swift */,
			);
			path = Services;
			sourceTree = "<group>";
		};
		D2CF066F2AA7F6CF00AD2C1A /* ResponseModels */ = {
			isa = PBXGroup;
			children = (
				D2CF06882AA807D800AD2C1A /* Movies */,
				D2CF06852AA807BF00AD2C1A /* Casting */,
				D2CF06822AA807A400AD2C1A /* Reviews */,
			);
			path = ResponseModels;
			sourceTree = "<group>";
		};
		D2CF06732AA7F7B200AD2C1A /* Protocols */ = {
			isa = PBXGroup;
			children = (
				D2CF06802AA7FFFF00AD2C1A /* NetworkClientProtocol.swift */,
			);
			path = Protocols;
			sourceTree = "<group>";
		};
		D2CF06822AA807A400AD2C1A /* Reviews */ = {
			isa = PBXGroup;
			children = (
				D2CF06832AA807AE00AD2C1A /* MovieReviewsResponseModel.swift */,
			);
			path = Reviews;
			sourceTree = "<group>";
		};
		D2CF06852AA807BF00AD2C1A /* Casting */ = {
			isa = PBXGroup;
			children = (
				D2CF06862AA807C800AD2C1A /* MovieCreditsResponseModel.swift */,
			);
			path = Casting;
			sourceTree = "<group>";
		};
		D2CF06882AA807D800AD2C1A /* Movies */ = {
			isa = PBXGroup;
			children = (
				D2CF06892AA8085E00AD2C1A /* MovieListResponseModel.swift */,
				D2CF068B2AA8086D00AD2C1A /* MovieDetailResponseModel.swift */,
				D2CF068D2AA8087F00AD2C1A /* MoviesWithinDateRangeResponseModel.swift */,
				D2CF068F2AA8088C00AD2C1A /* MovieResultResponseModel.swift */,
			);
			path = Movies;
			sourceTree = "<group>";
		};
		D2CF069D2AA8F1C000AD2C1A /* TableViewCell */ = {
			isa = PBXGroup;
			children = (
				D2CF06FE2AC318DD00AD2C1A /* ReviewTableViewCell */,
				D2CF06EE2AC303C600AD2C1A /* MovieDetailInfoCell */,
				D2CF06AD2AAA618E00AD2C1A /* MovieCategoryCell */,
				D2CF06A62AAA5DAD00AD2C1A /* EmptyStateTableViewCell */,
				D2CF069E2AA8F1C900AD2C1A /* Protocols */,
			);
			path = TableViewCell;
			sourceTree = "<group>";
		};
		D2CF069E2AA8F1C900AD2C1A /* Protocols */ = {
			isa = PBXGroup;
			children = (
				D2CF069F2AA8F1D600AD2C1A /* TableViewCellProtocols.swift */,
			);
			path = Protocols;
			sourceTree = "<group>";
		};
		D2CF06A32AA9D94000AD2C1A /* MovieDetail */ = {
			isa = PBXGroup;
			children = (
				D2CF07092AC31E5A00AD2C1A /* MovieDetailBuilder.swift */,
				D2CF06A42AA9D95000AD2C1A /* MovieDetailInteractor.swift */,
				D2CF06E62AC2FB2800AD2C1A /* MovieDetailEnums.swift */,
				D2CF06E82AC2FBDA00AD2C1A /* MovieDetailRouter.swift */,
				D2CF06EC2AC302C000AD2C1A /* MovieDetailPresenter.swift */,
				D2CF07052AC319D500AD2C1A /* MovieDetailViewController.swift */,
				D2CF06EA2AC3022C00AD2C1A /* MovieDetailViewModel.swift */,
			);
			path = MovieDetail;
			sourceTree = "<group>";
		};
		D2CF06A62AAA5DAD00AD2C1A /* EmptyStateTableViewCell */ = {
			isa = PBXGroup;
			children = (
				D2CF06A72AAA5DB700AD2C1A /* EmptyStateCellModel.swift */,
				D2CF06A92AAA5E6B00AD2C1A /* EmptyStateDrawer.swift */,
				D2CF06AB2AAA5EC600AD2C1A /* EmptyStateCell.swift */,
			);
			path = EmptyStateTableViewCell;
			sourceTree = "<group>";
		};
		D2CF06AD2AAA618E00AD2C1A /* MovieCategoryCell */ = {
			isa = PBXGroup;
			children = (
				D2CF06AE2AAA619800AD2C1A /* MovieCategoryTapProtocol.swift */,
				D2CF06E02AC0803B00AD2C1A /* MovieCategoryCellModel.swift */,
				D2CF06E22AC0808200AD2C1A /* MovieCategoryDrawer.swift */,
				D2CF06E42AC080C200AD2C1A /* MovieCategoryCell.swift */,
			);
			path = MovieCategoryCell;
			sourceTree = "<group>";
		};
		D2CF06B02AAA69E300AD2C1A /* CollectionViewCell */ = {
			isa = PBXGroup;
			children = (
				D2CF06F52AC3069400AD2C1A /* CrewMemberCollectionViewCell */,
				D2CF06B42AAA6AEE00AD2C1A /* MovieCollectionViewCell */,
				D2CF06B12AAA69F100AD2C1A /* Protocols */,
			);
			path = CollectionViewCell;
			sourceTree = "<group>";
		};
		D2CF06B12AAA69F100AD2C1A /* Protocols */ = {
			isa = PBXGroup;
			children = (
				D2CF06B22AAA69FB00AD2C1A /* CollectionViewCellProtocols.swift */,
			);
			path = Protocols;
			sourceTree = "<group>";
		};
		D2CF06B42AAA6AEE00AD2C1A /* MovieCollectionViewCell */ = {
			isa = PBXGroup;
			children = (
				D2CF06B52AAA6B0100AD2C1A /* MovieCollectionViewCellModel.swift */,
				D2CF06B72AAA6C9000AD2C1A /* MovieCollectionViewDrawer.swift */,
				D2CF06B92AAA6CE900AD2C1A /* MovieCollectionViewCell.swift */,
			);
			path = MovieCollectionViewCell;
			sourceTree = "<group>";
		};
		D2CF06EE2AC303C600AD2C1A /* MovieDetailInfoCell */ = {
			isa = PBXGroup;
			children = (
				D2CF06EF2AC303DA00AD2C1A /* MovieDetailInfoCell.swift */,
				D2CF06F12AC3048B00AD2C1A /* MovieDetailInfoCellModel.swift */,
				D2CF06F32AC304DB00AD2C1A /* MovieDetailInfoDrawer.swift */,
			);
			path = MovieDetailInfoCell;
			sourceTree = "<group>";
		};
		D2CF06F52AC3069400AD2C1A /* CrewMemberCollectionViewCell */ = {
			isa = PBXGroup;
			children = (
				D2CF06F62AC306CF00AD2C1A /* CrewMemberCell.swift */,
				D2CF06F82AC306F900AD2C1A /* CrewMemberCellModel.swift */,
				D2CF06FA2AC3186E00AD2C1A /* CrewMemberDrawer.swift */,
			);
			path = CrewMemberCollectionViewCell;
			sourceTree = "<group>";
		};
		D2CF06FE2AC318DD00AD2C1A /* ReviewTableViewCell */ = {
			isa = PBXGroup;
			children = (
				D2CF06FF2AC318EA00AD2C1A /* ReviewCell.swift */,
				D2CF07012AC3194C00AD2C1A /* ReviewCellModel.swift */,
				D2CF07032AC3196400AD2C1A /* ReviewDrawer.swift */,
			);
			path = ReviewTableViewCell;
			sourceTree = "<group>";
		};
/* End PBXGroup section */

/* Begin PBXNativeTarget section */
		D2CF06082AA6951600AD2C1A /* KiMOVIE */ = {
			isa = PBXNativeTarget;
			buildConfigurationList = D2CF06332AA6951700AD2C1A /* Build configuration list for PBXNativeTarget "KiMOVIE" */;
			buildPhases = (
				D2CF06052AA6951600AD2C1A /* Sources */,
				D2CF06062AA6951600AD2C1A /* Frameworks */,
				D2CF06072AA6951600AD2C1A /* Resources */,
			);
			buildRules = (
			);
			dependencies = (
			);
			name = KiMOVIE;
			packageProductDependencies = (
				D2CF063D2AA6A13100AD2C1A /* Alamofire */,
				D2CF06402AA6A15600AD2C1A /* ProgressHUD */,
				D2CF06432AA6A16B00AD2C1A /* SnapKit-Dynamic */,
				D2CF06582AA6AAEA00AD2C1A /* Lottie */,
			);
			productName = KiMOVIE;
			productReference = D2CF06092AA6951600AD2C1A /* KiMOVIE.app */;
			productType = "com.apple.product-type.application";
		};
		D2CF061E2AA6951700AD2C1A /* KiMOVIETests */ = {
			isa = PBXNativeTarget;
			buildConfigurationList = D2CF06362AA6951700AD2C1A /* Build configuration list for PBXNativeTarget "KiMOVIETests" */;
			buildPhases = (
				D2CF061B2AA6951700AD2C1A /* Sources */,
				D2CF061C2AA6951700AD2C1A /* Frameworks */,
				D2CF061D2AA6951700AD2C1A /* Resources */,
			);
			buildRules = (
			);
			dependencies = (
				D2CF06212AA6951700AD2C1A /* PBXTargetDependency */,
			);
			name = KiMOVIETests;
			productName = KiMOVIETests;
			productReference = D2CF061F2AA6951700AD2C1A /* KiMOVIETests.xctest */;
			productType = "com.apple.product-type.bundle.unit-test";
		};
		D2CF06282AA6951700AD2C1A /* KiMOVIEUITests */ = {
			isa = PBXNativeTarget;
			buildConfigurationList = D2CF06392AA6951700AD2C1A /* Build configuration list for PBXNativeTarget "KiMOVIEUITests" */;
			buildPhases = (
				D2CF06252AA6951700AD2C1A /* Sources */,
				D2CF06262AA6951700AD2C1A /* Frameworks */,
				D2CF06272AA6951700AD2C1A /* Resources */,
			);
			buildRules = (
			);
			dependencies = (
				D2CF062B2AA6951700AD2C1A /* PBXTargetDependency */,
			);
			name = KiMOVIEUITests;
			productName = KiMOVIEUITests;
			productReference = D2CF06292AA6951700AD2C1A /* KiMOVIEUITests.xctest */;
			productType = "com.apple.product-type.bundle.ui-testing";
		};
/* End PBXNativeTarget section */

/* Begin PBXProject section */
		D2CF06012AA6951600AD2C1A /* Project object */ = {
			isa = PBXProject;
			attributes = {
				BuildIndependentTargetsInParallel = 1;
				LastSwiftUpdateCheck = 1430;
				LastUpgradeCheck = 1430;
				TargetAttributes = {
					D2CF06082AA6951600AD2C1A = {
						CreatedOnToolsVersion = 14.3.1;
					};
					D2CF061E2AA6951700AD2C1A = {
						CreatedOnToolsVersion = 14.3.1;
						TestTargetID = D2CF06082AA6951600AD2C1A;
					};
					D2CF06282AA6951700AD2C1A = {
						CreatedOnToolsVersion = 14.3.1;
						TestTargetID = D2CF06082AA6951600AD2C1A;
					};
				};
			};
			buildConfigurationList = D2CF06042AA6951600AD2C1A /* Build configuration list for PBXProject "KiMOVIE" */;
			compatibilityVersion = "Xcode 14.0";
			developmentRegion = en;
			hasScannedForEncodings = 0;
			knownRegions = (
				en,
				Base,
			);
			mainGroup = D2CF06002AA6951600AD2C1A;
			packageReferences = (
				D2CF063C2AA6A13100AD2C1A /* XCRemoteSwiftPackageReference "Alamofire" */,
				D2CF063F2AA6A15600AD2C1A /* XCRemoteSwiftPackageReference "ProgressHUD" */,
				D2CF06422AA6A16B00AD2C1A /* XCRemoteSwiftPackageReference "SnapKit" */,
				D2CF06572AA6AAEA00AD2C1A /* XCRemoteSwiftPackageReference "lottie-ios" */,
			);
			productRefGroup = D2CF060A2AA6951600AD2C1A /* Products */;
			projectDirPath = "";
			projectRoot = "";
			targets = (
				D2CF06082AA6951600AD2C1A /* KiMOVIE */,
				D2CF061E2AA6951700AD2C1A /* KiMOVIETests */,
				D2CF06282AA6951700AD2C1A /* KiMOVIEUITests */,
			);
		};
/* End PBXProject section */

/* Begin PBXResourcesBuildPhase section */
		D2CF06072AA6951600AD2C1A /* Resources */ = {
			isa = PBXResourcesBuildPhase;
			buildActionMask = 2147483647;
			files = (
				D2CF06192AA6951700AD2C1A /* LaunchScreen.storyboard in Resources */,
				D2CF06162AA6951700AD2C1A /* Assets.xcassets in Resources */,
				D2CF06562AA6A84C00AD2C1A /* LaunchScreenLottie.json in Resources */,
			);
			runOnlyForDeploymentPostprocessing = 0;
		};
		D2CF061D2AA6951700AD2C1A /* Resources */ = {
			isa = PBXResourcesBuildPhase;
			buildActionMask = 2147483647;
			files = (
			);
			runOnlyForDeploymentPostprocessing = 0;
		};
		D2CF06272AA6951700AD2C1A /* Resources */ = {
			isa = PBXResourcesBuildPhase;
			buildActionMask = 2147483647;
			files = (
			);
			runOnlyForDeploymentPostprocessing = 0;
		};
/* End PBXResourcesBuildPhase section */

/* Begin PBXSourcesBuildPhase section */
		D2CF06052AA6951600AD2C1A /* Sources */ = {
			isa = PBXSourcesBuildPhase;
			buildActionMask = 2147483647;
			files = (
				D2CF06BA2AAA6CE900AD2C1A /* MovieCollectionViewCell.swift in Sources */,
				D2CF06902AA8088C00AD2C1A /* MovieResultResponseModel.swift in Sources */,
				D2CF06542AA6A7C900AD2C1A /* LottieAnimationView.swift in Sources */,
				D2CF06842AA807AE00AD2C1A /* MovieReviewsResponseModel.swift in Sources */,
				D2CF068A2AA8085E00AD2C1A /* MovieListResponseModel.swift in Sources */,
				D2CF06112AA6951600AD2C1A /* MainViewController.swift in Sources */,
				D2CF06942AA8DDC200AD2C1A /* CastingService.swift in Sources */,
				D2CF06772AA7FA6400AD2C1A /* NetworkClient.swift in Sources */,
				D2CF065C2AA7848700AD2C1A /* MainTabbarController.swift in Sources */,
				D2CF069A2AA8E70300AD2C1A /* MainViewModel.swift in Sources */,
				D2CF06962AA8E6AD00AD2C1A /* MainRouter.swift in Sources */,
				D2CF06AA2AAA5E6B00AD2C1A /* EmptyStateDrawer.swift in Sources */,
				D2CF06AC2AAA5EC600AD2C1A /* EmptyStateCell.swift in Sources */,
				D2CF07002AC318EA00AD2C1A /* ReviewCell.swift in Sources */,
				D2CF06672AA7E07000AD2C1A /* CustomNavigationController.swift in Sources */,
				D2CF066A2AA7F2DD00AD2C1A /* MainBuilder.swift in Sources */,
				D2CF06B82AAA6C9000AD2C1A /* MovieCollectionViewDrawer.swift in Sources */,
				D2CF070A2AC31E5A00AD2C1A /* MovieDetailBuilder.swift in Sources */,
				D2CF06F22AC3048B00AD2C1A /* MovieDetailInfoCellModel.swift in Sources */,
				D2CF06752AA7FA5200AD2C1A /* NetworkRouter.swift in Sources */,
				D2CF06A22AA9C45D00AD2C1A /* BaseViewController.swift in Sources */,
				D2CF06FB2AC3186E00AD2C1A /* CrewMemberDrawer.swift in Sources */,
				D2CF067B2AA7FAD500AD2C1A /* NetworkParameters.swift in Sources */,
				D2CF07062AC319D500AD2C1A /* MovieDetailViewController.swift in Sources */,
				D2CF060D2AA6951600AD2C1A /* AppDelegate.swift in Sources */,
				D2CF06EB2AC3022C00AD2C1A /* MovieDetailViewModel.swift in Sources */,
				D2CF06B62AAA6B0100AD2C1A /* MovieCollectionViewCellModel.swift in Sources */,
				D2CF060F2AA6951600AD2C1A /* SceneDelegate.swift in Sources */,
				D2CF06ED2AC302C000AD2C1A /* MovieDetailPresenter.swift in Sources */,
				D2CF06A82AAA5DB700AD2C1A /* EmptyStateCellModel.swift in Sources */,
				D2CF06E32AC0808200AD2C1A /* MovieCategoryDrawer.swift in Sources */,
				D2CF06E72AC2FB2800AD2C1A /* MovieDetailEnums.swift in Sources */,
				D2CF06B32AAA69FB00AD2C1A /* CollectionViewCellProtocols.swift in Sources */,
				D2CF068C2AA8086D00AD2C1A /* MovieDetailResponseModel.swift in Sources */,
				D2CF06E92AC2FBDA00AD2C1A /* MovieDetailRouter.swift in Sources */,
				D2CF067D2AA7FAE100AD2C1A /* NetworkRequestAdapter.swift in Sources */,
				D2CF06872AA807C800AD2C1A /* MovieCreditsResponseModel.swift in Sources */,
				D2CF06A52AA9D95000AD2C1A /* MovieDetailInteractor.swift in Sources */,
				D2CF069C2AA8E70B00AD2C1A /* MainEnums.swift in Sources */,
				D2CF06632AA7E04800AD2C1A /* EmptyState.swift in Sources */,
				D2CF06982AA8E6D400AD2C1A /* MainInteractor.swift in Sources */,
				D2CF06BD2AB1CA6800AD2C1A /* CustomImageView.swift in Sources */,
				D2CF067F2AA7FAED00AD2C1A /* NetworkEndpoints.swift in Sources */,
				D2CF06E52AC080C200AD2C1A /* MovieCategoryCell.swift in Sources */,
				D2CF06AF2AAA619800AD2C1A /* MovieCategoryTapProtocol.swift in Sources */,
				D2CF07022AC3194C00AD2C1A /* ReviewCellModel.swift in Sources */,
				D2CF07042AC3196400AD2C1A /* ReviewDrawer.swift in Sources */,
				D2CF066C2AA7F3A100AD2C1A /* MainPresenter.swift in Sources */,
				D2CF06F42AC304DB00AD2C1A /* MovieDetailInfoDrawer.swift in Sources */,
				D2CF06E12AC0803B00AD2C1A /* MovieCategoryCellModel.swift in Sources */,
				D2CF06792AA7FAC600AD2C1A /* NetworkErrorType.swift in Sources */,
				D2CF06F72AC306CF00AD2C1A /* CrewMemberCell.swift in Sources */,
				D2CF065E2AA7DCC200AD2C1A /* Constants.swift in Sources */,
				D2CF06A02AA8F1D600AD2C1A /* TableViewCellProtocols.swift in Sources */,
				D2CF068E2AA8087F00AD2C1A /* MoviesWithinDateRangeResponseModel.swift in Sources */,
				D2CF06612AA7E04000AD2C1A /* ImageSizes.swift in Sources */,
				D2CF06812AA7FFFF00AD2C1A /* NetworkClientProtocol.swift in Sources */,
				D2CF06922AA808B900AD2C1A /* MovieService.swift in Sources */,
				D2CF06F92AC306F900AD2C1A /* CrewMemberCellModel.swift in Sources */,
				D2CF06F02AC303DA00AD2C1A /* MovieDetailInfoCell.swift in Sources */,
			);
			runOnlyForDeploymentPostprocessing = 0;
		};
		D2CF061B2AA6951700AD2C1A /* Sources */ = {
			isa = PBXSourcesBuildPhase;
			buildActionMask = 2147483647;
			files = (
				D2CF06242AA6951700AD2C1A /* KiMOVIETests.swift in Sources */,
			);
			runOnlyForDeploymentPostprocessing = 0;
		};
		D2CF06252AA6951700AD2C1A /* Sources */ = {
			isa = PBXSourcesBuildPhase;
			buildActionMask = 2147483647;
			files = (
				D2CF062E2AA6951700AD2C1A /* KiMOVIEUITests.swift in Sources */,
				D2CF06302AA6951700AD2C1A /* KiMOVIEUITestsLaunchTests.swift in Sources */,
			);
			runOnlyForDeploymentPostprocessing = 0;
		};
/* End PBXSourcesBuildPhase section */

/* Begin PBXTargetDependency section */
		D2CF06212AA6951700AD2C1A /* PBXTargetDependency */ = {
			isa = PBXTargetDependency;
			target = D2CF06082AA6951600AD2C1A /* KiMOVIE */;
			targetProxy = D2CF06202AA6951700AD2C1A /* PBXContainerItemProxy */;
		};
		D2CF062B2AA6951700AD2C1A /* PBXTargetDependency */ = {
			isa = PBXTargetDependency;
			target = D2CF06082AA6951600AD2C1A /* KiMOVIE */;
			targetProxy = D2CF062A2AA6951700AD2C1A /* PBXContainerItemProxy */;
		};
/* End PBXTargetDependency section */

/* Begin PBXVariantGroup section */
		D2CF06172AA6951700AD2C1A /* LaunchScreen.storyboard */ = {
			isa = PBXVariantGroup;
			children = (
				D2CF06182AA6951700AD2C1A /* Base */,
			);
			name = LaunchScreen.storyboard;
			sourceTree = "<group>";
		};
/* End PBXVariantGroup section */

/* Begin XCBuildConfiguration section */
		D2CF06312AA6951700AD2C1A /* Debug */ = {
			isa = XCBuildConfiguration;
			buildSettings = {
				ALWAYS_SEARCH_USER_PATHS = NO;
				CLANG_ANALYZER_NONNULL = YES;
				CLANG_ANALYZER_NUMBER_OBJECT_CONVERSION = YES_AGGRESSIVE;
				CLANG_CXX_LANGUAGE_STANDARD = "gnu++20";
				CLANG_ENABLE_MODULES = YES;
				CLANG_ENABLE_OBJC_ARC = YES;
				CLANG_ENABLE_OBJC_WEAK = YES;
				CLANG_WARN_BLOCK_CAPTURE_AUTORELEASING = YES;
				CLANG_WARN_BOOL_CONVERSION = YES;
				CLANG_WARN_COMMA = YES;
				CLANG_WARN_CONSTANT_CONVERSION = YES;
				CLANG_WARN_DEPRECATED_OBJC_IMPLEMENTATIONS = YES;
				CLANG_WARN_DIRECT_OBJC_ISA_USAGE = YES_ERROR;
				CLANG_WARN_DOCUMENTATION_COMMENTS = YES;
				CLANG_WARN_EMPTY_BODY = YES;
				CLANG_WARN_ENUM_CONVERSION = YES;
				CLANG_WARN_INFINITE_RECURSION = YES;
				CLANG_WARN_INT_CONVERSION = YES;
				CLANG_WARN_NON_LITERAL_NULL_CONVERSION = YES;
				CLANG_WARN_OBJC_IMPLICIT_RETAIN_SELF = YES;
				CLANG_WARN_OBJC_LITERAL_CONVERSION = YES;
				CLANG_WARN_OBJC_ROOT_CLASS = YES_ERROR;
				CLANG_WARN_QUOTED_INCLUDE_IN_FRAMEWORK_HEADER = YES;
				CLANG_WARN_RANGE_LOOP_ANALYSIS = YES;
				CLANG_WARN_STRICT_PROTOTYPES = YES;
				CLANG_WARN_SUSPICIOUS_MOVE = YES;
				CLANG_WARN_UNGUARDED_AVAILABILITY = YES_AGGRESSIVE;
				CLANG_WARN_UNREACHABLE_CODE = YES;
				CLANG_WARN__DUPLICATE_METHOD_MATCH = YES;
				COPY_PHASE_STRIP = NO;
				DEBUG_INFORMATION_FORMAT = dwarf;
				ENABLE_STRICT_OBJC_MSGSEND = YES;
				ENABLE_TESTABILITY = YES;
				GCC_C_LANGUAGE_STANDARD = gnu11;
				GCC_DYNAMIC_NO_PIC = NO;
				GCC_NO_COMMON_BLOCKS = YES;
				GCC_OPTIMIZATION_LEVEL = 0;
				GCC_PREPROCESSOR_DEFINITIONS = (
					"DEBUG=1",
					"$(inherited)",
				);
				GCC_WARN_64_TO_32_BIT_CONVERSION = YES;
				GCC_WARN_ABOUT_RETURN_TYPE = YES_ERROR;
				GCC_WARN_UNDECLARED_SELECTOR = YES;
				GCC_WARN_UNINITIALIZED_AUTOS = YES_AGGRESSIVE;
				GCC_WARN_UNUSED_FUNCTION = YES;
				GCC_WARN_UNUSED_VARIABLE = YES;
				IPHONEOS_DEPLOYMENT_TARGET = 16.0;
				MTL_ENABLE_DEBUG_INFO = INCLUDE_SOURCE;
				MTL_FAST_MATH = YES;
				ONLY_ACTIVE_ARCH = YES;
				SDKROOT = iphoneos;
				SWIFT_ACTIVE_COMPILATION_CONDITIONS = DEBUG;
				SWIFT_OPTIMIZATION_LEVEL = "-Onone";
			};
			name = Debug;
		};
		D2CF06322AA6951700AD2C1A /* Release */ = {
			isa = XCBuildConfiguration;
			buildSettings = {
				ALWAYS_SEARCH_USER_PATHS = NO;
				CLANG_ANALYZER_NONNULL = YES;
				CLANG_ANALYZER_NUMBER_OBJECT_CONVERSION = YES_AGGRESSIVE;
				CLANG_CXX_LANGUAGE_STANDARD = "gnu++20";
				CLANG_ENABLE_MODULES = YES;
				CLANG_ENABLE_OBJC_ARC = YES;
				CLANG_ENABLE_OBJC_WEAK = YES;
				CLANG_WARN_BLOCK_CAPTURE_AUTORELEASING = YES;
				CLANG_WARN_BOOL_CONVERSION = YES;
				CLANG_WARN_COMMA = YES;
				CLANG_WARN_CONSTANT_CONVERSION = YES;
				CLANG_WARN_DEPRECATED_OBJC_IMPLEMENTATIONS = YES;
				CLANG_WARN_DIRECT_OBJC_ISA_USAGE = YES_ERROR;
				CLANG_WARN_DOCUMENTATION_COMMENTS = YES;
				CLANG_WARN_EMPTY_BODY = YES;
				CLANG_WARN_ENUM_CONVERSION = YES;
				CLANG_WARN_INFINITE_RECURSION = YES;
				CLANG_WARN_INT_CONVERSION = YES;
				CLANG_WARN_NON_LITERAL_NULL_CONVERSION = YES;
				CLANG_WARN_OBJC_IMPLICIT_RETAIN_SELF = YES;
				CLANG_WARN_OBJC_LITERAL_CONVERSION = YES;
				CLANG_WARN_OBJC_ROOT_CLASS = YES_ERROR;
				CLANG_WARN_QUOTED_INCLUDE_IN_FRAMEWORK_HEADER = YES;
				CLANG_WARN_RANGE_LOOP_ANALYSIS = YES;
				CLANG_WARN_STRICT_PROTOTYPES = YES;
				CLANG_WARN_SUSPICIOUS_MOVE = YES;
				CLANG_WARN_UNGUARDED_AVAILABILITY = YES_AGGRESSIVE;
				CLANG_WARN_UNREACHABLE_CODE = YES;
				CLANG_WARN__DUPLICATE_METHOD_MATCH = YES;
				COPY_PHASE_STRIP = NO;
				DEBUG_INFORMATION_FORMAT = "dwarf-with-dsym";
				ENABLE_NS_ASSERTIONS = NO;
				ENABLE_STRICT_OBJC_MSGSEND = YES;
				GCC_C_LANGUAGE_STANDARD = gnu11;
				GCC_NO_COMMON_BLOCKS = YES;
				GCC_WARN_64_TO_32_BIT_CONVERSION = YES;
				GCC_WARN_ABOUT_RETURN_TYPE = YES_ERROR;
				GCC_WARN_UNDECLARED_SELECTOR = YES;
				GCC_WARN_UNINITIALIZED_AUTOS = YES_AGGRESSIVE;
				GCC_WARN_UNUSED_FUNCTION = YES;
				GCC_WARN_UNUSED_VARIABLE = YES;
				IPHONEOS_DEPLOYMENT_TARGET = 16.0;
				MTL_ENABLE_DEBUG_INFO = NO;
				MTL_FAST_MATH = YES;
				SDKROOT = iphoneos;
				SWIFT_COMPILATION_MODE = wholemodule;
				SWIFT_OPTIMIZATION_LEVEL = "-O";
				VALIDATE_PRODUCT = YES;
			};
			name = Release;
		};
		D2CF06342AA6951700AD2C1A /* Debug */ = {
			isa = XCBuildConfiguration;
			buildSettings = {
				ASSETCATALOG_COMPILER_APPICON_NAME = AppIcon;
				ASSETCATALOG_COMPILER_GLOBAL_ACCENT_COLOR_NAME = AccentColor;
				CODE_SIGN_STYLE = Automatic;
				CURRENT_PROJECT_VERSION = 1;
				DEVELOPMENT_TEAM = UJ8B9FFXUA;
				GENERATE_INFOPLIST_FILE = YES;
				INFOPLIST_FILE = KiMOVIE/Info.plist;
				INFOPLIST_KEY_CFBundleDisplayName = KiMovie;
				INFOPLIST_KEY_UIApplicationSupportsIndirectInputEvents = YES;
				INFOPLIST_KEY_UILaunchStoryboardName = LaunchScreen;
				INFOPLIST_KEY_UISupportedInterfaceOrientations = UIInterfaceOrientationPortrait;
				IPHONEOS_DEPLOYMENT_TARGET = 15.0;
				LD_RUNPATH_SEARCH_PATHS = (
					"$(inherited)",
					"@executable_path/Frameworks",
				);
				MARKETING_VERSION = 1.0;
				PRODUCT_BUNDLE_IDENTIFIER = Kikos.KiMOVIE;
				PRODUCT_NAME = "$(TARGET_NAME)";
				SUPPORTED_PLATFORMS = "iphoneos iphonesimulator";
				SUPPORTS_MACCATALYST = NO;
				SUPPORTS_MAC_DESIGNED_FOR_IPHONE_IPAD = NO;
				SWIFT_EMIT_LOC_STRINGS = YES;
				SWIFT_VERSION = 5.0;
				TARGETED_DEVICE_FAMILY = 1;
			};
			name = Debug;
		};
		D2CF06352AA6951700AD2C1A /* Release */ = {
			isa = XCBuildConfiguration;
			buildSettings = {
				ASSETCATALOG_COMPILER_APPICON_NAME = AppIcon;
				ASSETCATALOG_COMPILER_GLOBAL_ACCENT_COLOR_NAME = AccentColor;
				CODE_SIGN_STYLE = Automatic;
				CURRENT_PROJECT_VERSION = 1;
				DEVELOPMENT_TEAM = UJ8B9FFXUA;
				GENERATE_INFOPLIST_FILE = YES;
				INFOPLIST_FILE = KiMOVIE/Info.plist;
				INFOPLIST_KEY_CFBundleDisplayName = KiMovie;
				INFOPLIST_KEY_UIApplicationSupportsIndirectInputEvents = YES;
				INFOPLIST_KEY_UILaunchStoryboardName = LaunchScreen;
				INFOPLIST_KEY_UISupportedInterfaceOrientations = UIInterfaceOrientationPortrait;
				IPHONEOS_DEPLOYMENT_TARGET = 15.0;
				LD_RUNPATH_SEARCH_PATHS = (
					"$(inherited)",
					"@executable_path/Frameworks",
				);
				MARKETING_VERSION = 1.0;
				PRODUCT_BUNDLE_IDENTIFIER = Kikos.KiMOVIE;
				PRODUCT_NAME = "$(TARGET_NAME)";
				SUPPORTED_PLATFORMS = "iphoneos iphonesimulator";
				SUPPORTS_MACCATALYST = NO;
				SUPPORTS_MAC_DESIGNED_FOR_IPHONE_IPAD = NO;
				SWIFT_EMIT_LOC_STRINGS = YES;
				SWIFT_VERSION = 5.0;
				TARGETED_DEVICE_FAMILY = 1;
			};
			name = Release;
		};
		D2CF06372AA6951700AD2C1A /* Debug */ = {
			isa = XCBuildConfiguration;
			buildSettings = {
				ALWAYS_EMBED_SWIFT_STANDARD_LIBRARIES = YES;
				BUNDLE_LOADER = "$(TEST_HOST)";
				CODE_SIGN_STYLE = Automatic;
				CURRENT_PROJECT_VERSION = 1;
				DEVELOPMENT_TEAM = UJ8B9FFXUA;
				GENERATE_INFOPLIST_FILE = YES;
				IPHONEOS_DEPLOYMENT_TARGET = 16.0;
				MARKETING_VERSION = 1.0;
				PRODUCT_BUNDLE_IDENTIFIER = Kikos.KiMOVIETests;
				PRODUCT_NAME = "$(TARGET_NAME)";
				SWIFT_EMIT_LOC_STRINGS = NO;
				SWIFT_VERSION = 5.0;
				TARGETED_DEVICE_FAMILY = "1,2";
				TEST_HOST = "$(BUILT_PRODUCTS_DIR)/KiMOVIE.app/$(BUNDLE_EXECUTABLE_FOLDER_PATH)/KiMOVIE";
			};
			name = Debug;
		};
		D2CF06382AA6951700AD2C1A /* Release */ = {
			isa = XCBuildConfiguration;
			buildSettings = {
				ALWAYS_EMBED_SWIFT_STANDARD_LIBRARIES = YES;
				BUNDLE_LOADER = "$(TEST_HOST)";
				CODE_SIGN_STYLE = Automatic;
				CURRENT_PROJECT_VERSION = 1;
				DEVELOPMENT_TEAM = UJ8B9FFXUA;
				GENERATE_INFOPLIST_FILE = YES;
				IPHONEOS_DEPLOYMENT_TARGET = 16.0;
				MARKETING_VERSION = 1.0;
				PRODUCT_BUNDLE_IDENTIFIER = Kikos.KiMOVIETests;
				PRODUCT_NAME = "$(TARGET_NAME)";
				SWIFT_EMIT_LOC_STRINGS = NO;
				SWIFT_VERSION = 5.0;
				TARGETED_DEVICE_FAMILY = "1,2";
				TEST_HOST = "$(BUILT_PRODUCTS_DIR)/KiMOVIE.app/$(BUNDLE_EXECUTABLE_FOLDER_PATH)/KiMOVIE";
			};
			name = Release;
		};
		D2CF063A2AA6951700AD2C1A /* Debug */ = {
			isa = XCBuildConfiguration;
			buildSettings = {
				ALWAYS_EMBED_SWIFT_STANDARD_LIBRARIES = YES;
				CODE_SIGN_STYLE = Automatic;
				CURRENT_PROJECT_VERSION = 1;
				DEVELOPMENT_TEAM = UJ8B9FFXUA;
				GENERATE_INFOPLIST_FILE = YES;
				MARKETING_VERSION = 1.0;
				PRODUCT_BUNDLE_IDENTIFIER = Kikos.KiMOVIEUITests;
				PRODUCT_NAME = "$(TARGET_NAME)";
				SWIFT_EMIT_LOC_STRINGS = NO;
				SWIFT_VERSION = 5.0;
				TARGETED_DEVICE_FAMILY = "1,2";
				TEST_TARGET_NAME = KiMOVIE;
			};
			name = Debug;
		};
		D2CF063B2AA6951700AD2C1A /* Release */ = {
			isa = XCBuildConfiguration;
			buildSettings = {
				ALWAYS_EMBED_SWIFT_STANDARD_LIBRARIES = YES;
				CODE_SIGN_STYLE = Automatic;
				CURRENT_PROJECT_VERSION = 1;
				DEVELOPMENT_TEAM = UJ8B9FFXUA;
				GENERATE_INFOPLIST_FILE = YES;
				MARKETING_VERSION = 1.0;
				PRODUCT_BUNDLE_IDENTIFIER = Kikos.KiMOVIEUITests;
				PRODUCT_NAME = "$(TARGET_NAME)";
				SWIFT_EMIT_LOC_STRINGS = NO;
				SWIFT_VERSION = 5.0;
				TARGETED_DEVICE_FAMILY = "1,2";
				TEST_TARGET_NAME = KiMOVIE;
			};
			name = Release;
		};
/* End XCBuildConfiguration section */

/* Begin XCConfigurationList section */
		D2CF06042AA6951600AD2C1A /* Build configuration list for PBXProject "KiMOVIE" */ = {
			isa = XCConfigurationList;
			buildConfigurations = (
				D2CF06312AA6951700AD2C1A /* Debug */,
				D2CF06322AA6951700AD2C1A /* Release */,
			);
			defaultConfigurationIsVisible = 0;
			defaultConfigurationName = Release;
		};
		D2CF06332AA6951700AD2C1A /* Build configuration list for PBXNativeTarget "KiMOVIE" */ = {
			isa = XCConfigurationList;
			buildConfigurations = (
				D2CF06342AA6951700AD2C1A /* Debug */,
				D2CF06352AA6951700AD2C1A /* Release */,
			);
			defaultConfigurationIsVisible = 0;
			defaultConfigurationName = Release;
		};
		D2CF06362AA6951700AD2C1A /* Build configuration list for PBXNativeTarget "KiMOVIETests" */ = {
			isa = XCConfigurationList;
			buildConfigurations = (
				D2CF06372AA6951700AD2C1A /* Debug */,
				D2CF06382AA6951700AD2C1A /* Release */,
			);
			defaultConfigurationIsVisible = 0;
			defaultConfigurationName = Release;
		};
		D2CF06392AA6951700AD2C1A /* Build configuration list for PBXNativeTarget "KiMOVIEUITests" */ = {
			isa = XCConfigurationList;
			buildConfigurations = (
				D2CF063A2AA6951700AD2C1A /* Debug */,
				D2CF063B2AA6951700AD2C1A /* Release */,
			);
			defaultConfigurationIsVisible = 0;
			defaultConfigurationName = Release;
		};
/* End XCConfigurationList section */

/* Begin XCRemoteSwiftPackageReference section */
		D2CF063C2AA6A13100AD2C1A /* XCRemoteSwiftPackageReference "Alamofire" */ = {
			isa = XCRemoteSwiftPackageReference;
			repositoryURL = "https://github.com/Alamofire/Alamofire.git";
			requirement = {
				kind = upToNextMajorVersion;
				minimumVersion = 5.0.0;
			};
		};
		D2CF063F2AA6A15600AD2C1A /* XCRemoteSwiftPackageReference "ProgressHUD" */ = {
			isa = XCRemoteSwiftPackageReference;
			repositoryURL = "https://github.com/relatedcode/ProgressHUD.git";
			requirement = {
				kind = upToNextMajorVersion;
				minimumVersion = 13.0.0;
			};
		};
		D2CF06422AA6A16B00AD2C1A /* XCRemoteSwiftPackageReference "SnapKit" */ = {
			isa = XCRemoteSwiftPackageReference;
			repositoryURL = "https://github.com/SnapKit/SnapKit";
			requirement = {
				kind = upToNextMajorVersion;
				minimumVersion = 5.0.0;
			};
		};
		D2CF06572AA6AAEA00AD2C1A /* XCRemoteSwiftPackageReference "lottie-ios" */ = {
			isa = XCRemoteSwiftPackageReference;
			repositoryURL = "https://github.com/airbnb/lottie-ios.git";
			requirement = {
				kind = upToNextMajorVersion;
				minimumVersion = 3.0.0;
			};
		};
/* End XCRemoteSwiftPackageReference section */

/* Begin XCSwiftPackageProductDependency section */
		D2CF063D2AA6A13100AD2C1A /* Alamofire */ = {
			isa = XCSwiftPackageProductDependency;
			package = D2CF063C2AA6A13100AD2C1A /* XCRemoteSwiftPackageReference "Alamofire" */;
			productName = Alamofire;
		};
		D2CF06402AA6A15600AD2C1A /* ProgressHUD */ = {
			isa = XCSwiftPackageProductDependency;
			package = D2CF063F2AA6A15600AD2C1A /* XCRemoteSwiftPackageReference "ProgressHUD" */;
			productName = ProgressHUD;
		};
		D2CF06432AA6A16B00AD2C1A /* SnapKit-Dynamic */ = {
			isa = XCSwiftPackageProductDependency;
			package = D2CF06422AA6A16B00AD2C1A /* XCRemoteSwiftPackageReference "SnapKit" */;
			productName = "SnapKit-Dynamic";
		};
		D2CF06582AA6AAEA00AD2C1A /* Lottie */ = {
			isa = XCSwiftPackageProductDependency;
			package = D2CF06572AA6AAEA00AD2C1A /* XCRemoteSwiftPackageReference "lottie-ios" */;
			productName = Lottie;
		};
/* End XCSwiftPackageProductDependency section */
	};
	rootObject = D2CF06012AA6951600AD2C1A /* Project object */;
}
